// !$*UTF8*$!
{
	archiveVersion = 1;
	classes = {
	};
	objectVersion = 56;
	objects = {

/* Begin PBXBuildFile section */
		8D8CF32A2C192600001F8929 /* MangoByeolbyeol.otf in Resources */ = {isa = PBXBuildFile; fileRef = 8D8CF3292C192600001F8929 /* MangoByeolbyeol.otf */; };
		8D8CF3362C193166001F8929 /* Pretendard-SemiBold.otf in Resources */ = {isa = PBXBuildFile; fileRef = 8D8CF3352C193166001F8929 /* Pretendard-SemiBold.otf */; };
		8DB96AE22C189DB600D1AE0C /* DinnerGenieModel.swift in Sources */ = {isa = PBXBuildFile; fileRef = 8DB96AE12C189DB600D1AE0C /* DinnerGenieModel.swift */; };
		8DB96AE42C189DD000D1AE0C /* DinnerGenieViewModel.swift in Sources */ = {isa = PBXBuildFile; fileRef = 8DB96AE32C189DD000D1AE0C /* DinnerGenieViewModel.swift */; };
		8DB96AE82C189E0B00D1AE0C /* DinnerGenieTestViewController.swift in Sources */ = {isa = PBXBuildFile; fileRef = 8DB96AE72C189E0B00D1AE0C /* DinnerGenieTestViewController.swift */; };
		8DB96AEA2C189E2300D1AE0C /* DinnerGenieResultViewController.swift in Sources */ = {isa = PBXBuildFile; fileRef = 8DB96AE92C189E2300D1AE0C /* DinnerGenieResultViewController.swift */; };
		8FB618A62C09D123005E856B /* SceneDelegate.swift in Sources */ = {isa = PBXBuildFile; fileRef = 8FB618A52C09D123005E856B /* SceneDelegate.swift */; };
		8FB618AD2C09D124005E856B /* Assets.xcassets in Resources */ = {isa = PBXBuildFile; fileRef = 8FB618AC2C09D124005E856B /* Assets.xcassets */; };
		8FB618C82C09D1E3005E856B /* FirstTestModel.swift in Sources */ = {isa = PBXBuildFile; fileRef = 8FB618B72C09D1E2005E856B /* FirstTestModel.swift */; };
		8FB618C92C09D1E3005E856B /* FourthTestModel.swift in Sources */ = {isa = PBXBuildFile; fileRef = 8FB618B82C09D1E2005E856B /* FourthTestModel.swift */; };
		8FB618CA2C09D1E3005E856B /* secondTestModel.swift in Sources */ = {isa = PBXBuildFile; fileRef = 8FB618B92C09D1E2005E856B /* secondTestModel.swift */; };
		8FB618CB2C09D1E3005E856B /* ThirdTestModel.swift in Sources */ = {isa = PBXBuildFile; fileRef = 8FB618BA2C09D1E2005E856B /* ThirdTestModel.swift */; };
		8FB618D02C09D1E3005E856B /* MainTableViewCell.swift in Sources */ = {isa = PBXBuildFile; fileRef = 8FB618C12C09D1E3005E856B /* MainTableViewCell.swift */; };
		8FB618D12C09D1E3005E856B /* TBalTestViewController.swift in Sources */ = {isa = PBXBuildFile; fileRef = 8FB618C22C09D1E3005E856B /* TBalTestViewController.swift */; };
		8FB618D32C09D1E3005E856B /* MainViewController.swift in Sources */ = {isa = PBXBuildFile; fileRef = 8FB618C42C09D1E3005E856B /* MainViewController.swift */; };
		8FB618D42C09D1E3005E856B /* OverwatchTestViewController.swift in Sources */ = {isa = PBXBuildFile; fileRef = 8FB618C52C09D1E3005E856B /* OverwatchTestViewController.swift */; };
		8FB618D52C09D1E3005E856B /* GuessWhoTestViewController.swift in Sources */ = {isa = PBXBuildFile; fileRef = 8FB618C62C09D1E3005E856B /* GuessWhoTestViewController.swift */; };
		8FB618DE2C0D7C51005E856B /* AppDelegate.swift in Sources */ = {isa = PBXBuildFile; fileRef = 8FB618DD2C0D7C51005E856B /* AppDelegate.swift */; };
/* End PBXBuildFile section */

/* Begin PBXFileReference section */
		8D8CF3292C192600001F8929 /* MangoByeolbyeol.otf */ = {isa = PBXFileReference; lastKnownFileType = file; path = MangoByeolbyeol.otf; sourceTree = "<group>"; };
		8D8CF3352C193166001F8929 /* Pretendard-SemiBold.otf */ = {isa = PBXFileReference; lastKnownFileType = file; path = "Pretendard-SemiBold.otf"; sourceTree = "<group>"; };
		8DB96AE12C189DB600D1AE0C /* DinnerGenieModel.swift */ = {isa = PBXFileReference; lastKnownFileType = sourcecode.swift; path = DinnerGenieModel.swift; sourceTree = "<group>"; };
		8DB96AE32C189DD000D1AE0C /* DinnerGenieViewModel.swift */ = {isa = PBXFileReference; lastKnownFileType = sourcecode.swift; path = DinnerGenieViewModel.swift; sourceTree = "<group>"; };
		8DB96AE72C189E0B00D1AE0C /* DinnerGenieTestViewController.swift */ = {isa = PBXFileReference; lastKnownFileType = sourcecode.swift; path = DinnerGenieTestViewController.swift; sourceTree = "<group>"; };
		8DB96AE92C189E2300D1AE0C /* DinnerGenieResultViewController.swift */ = {isa = PBXFileReference; lastKnownFileType = sourcecode.swift; path = DinnerGenieResultViewController.swift; sourceTree = "<group>"; };
		8FB618A02C09D123005E856B /* KnowYourselfApp.app */ = {isa = PBXFileReference; explicitFileType = wrapper.application; includeInIndex = 0; path = KnowYourselfApp.app; sourceTree = BUILT_PRODUCTS_DIR; };
		8FB618A52C09D123005E856B /* SceneDelegate.swift */ = {isa = PBXFileReference; lastKnownFileType = sourcecode.swift; path = SceneDelegate.swift; sourceTree = "<group>"; };
		8FB618AC2C09D124005E856B /* Assets.xcassets */ = {isa = PBXFileReference; lastKnownFileType = folder.assetcatalog; path = Assets.xcassets; sourceTree = "<group>"; };
		8FB618B12C09D124005E856B /* Info.plist */ = {isa = PBXFileReference; lastKnownFileType = text.plist.xml; path = Info.plist; sourceTree = "<group>"; };
		8FB618B72C09D1E2005E856B /* FirstTestModel.swift */ = {isa = PBXFileReference; fileEncoding = 4; lastKnownFileType = sourcecode.swift; path = FirstTestModel.swift; sourceTree = "<group>"; };
		8FB618B82C09D1E2005E856B /* FourthTestModel.swift */ = {isa = PBXFileReference; fileEncoding = 4; lastKnownFileType = sourcecode.swift; path = FourthTestModel.swift; sourceTree = "<group>"; };
		8FB618B92C09D1E2005E856B /* secondTestModel.swift */ = {isa = PBXFileReference; fileEncoding = 4; lastKnownFileType = sourcecode.swift; path = secondTestModel.swift; sourceTree = "<group>"; };
		8FB618BA2C09D1E2005E856B /* ThirdTestModel.swift */ = {isa = PBXFileReference; fileEncoding = 4; lastKnownFileType = sourcecode.swift; path = ThirdTestModel.swift; sourceTree = "<group>"; };
		8FB618C12C09D1E3005E856B /* MainTableViewCell.swift */ = {isa = PBXFileReference; fileEncoding = 4; lastKnownFileType = sourcecode.swift; path = MainTableViewCell.swift; sourceTree = "<group>"; };
		8FB618C22C09D1E3005E856B /* TBalTestViewController.swift */ = {isa = PBXFileReference; fileEncoding = 4; lastKnownFileType = sourcecode.swift; path = TBalTestViewController.swift; sourceTree = "<group>"; };
		8FB618C42C09D1E3005E856B /* MainViewController.swift */ = {isa = PBXFileReference; fileEncoding = 4; lastKnownFileType = sourcecode.swift; path = MainViewController.swift; sourceTree = "<group>"; };
		8FB618C52C09D1E3005E856B /* OverwatchTestViewController.swift */ = {isa = PBXFileReference; fileEncoding = 4; lastKnownFileType = sourcecode.swift; path = OverwatchTestViewController.swift; sourceTree = "<group>"; };
		8FB618C62C09D1E3005E856B /* GuessWhoTestViewController.swift */ = {isa = PBXFileReference; fileEncoding = 4; lastKnownFileType = sourcecode.swift; path = GuessWhoTestViewController.swift; sourceTree = "<group>"; };
		8FB618DD2C0D7C51005E856B /* AppDelegate.swift */ = {isa = PBXFileReference; fileEncoding = 4; lastKnownFileType = sourcecode.swift; path = AppDelegate.swift; sourceTree = "<group>"; };
/* End PBXFileReference section */

/* Begin PBXFrameworksBuildPhase section */
		8FB6189D2C09D123005E856B /* Frameworks */ = {
			isa = PBXFrameworksBuildPhase;
			buildActionMask = 2147483647;
			files = (
			);
			runOnlyForDeploymentPostprocessing = 0;
		};
/* End PBXFrameworksBuildPhase section */

/* Begin PBXGroup section */
		0402927C2C0D817B009F1102 /* View */ = {
			isa = PBXGroup;
			children = (
				8FB618C22C09D1E3005E856B /* TBalTestViewController.swift */,
			);
			path = View;
			sourceTree = "<group>";
		};
		0402927D2C0D8182009F1102 /* Model */ = {
			isa = PBXGroup;
			children = (
			);
			path = Model;
			sourceTree = "<group>";
		};
		0402927E2C0D8188009F1102 /* ViewModel */ = {
			isa = PBXGroup;
			children = (
			);
			path = ViewModel;
			sourceTree = "<group>";
		};
		8D8CF3282C192593001F8929 /* Font */ = {
			isa = PBXGroup;
			children = (
				8D8CF3352C193166001F8929 /* Pretendard-SemiBold.otf */,
				8D8CF3292C192600001F8929 /* MangoByeolbyeol.otf */,
			);
			path = Font;
			sourceTree = "<group>";
		};
		8DB96ADE2C189D7D00D1AE0C /* View */ = {
			isa = PBXGroup;
			children = (
				8DB96AE72C189E0B00D1AE0C /* DinnerGenieTestViewController.swift */,
				8DB96AE92C189E2300D1AE0C /* DinnerGenieResultViewController.swift */,
			);
			path = View;
			sourceTree = "<group>";
		};
		8DB96ADF2C189D8700D1AE0C /* ViewModel */ = {
			isa = PBXGroup;
			children = (
				8DB96AE32C189DD000D1AE0C /* DinnerGenieViewModel.swift */,
			);
			path = ViewModel;
			sourceTree = "<group>";
		};
		8DB96AE02C189D9300D1AE0C /* Model */ = {
			isa = PBXGroup;
			children = (
				8DB96AE12C189DB600D1AE0C /* DinnerGenieModel.swift */,
			);
			path = Model;
			sourceTree = "<group>";
		};
		8FB618972C09D123005E856B = {
			isa = PBXGroup;
			children = (
				8FB618A22C09D123005E856B /* KnowYourselfApp */,
				8FB618A12C09D123005E856B /* Products */,
			);
			sourceTree = "<group>";
		};
		8FB618A12C09D123005E856B /* Products */ = {
			isa = PBXGroup;
			children = (
				8FB618A02C09D123005E856B /* KnowYourselfApp.app */,
			);
			name = Products;
			sourceTree = "<group>";
		};
		8FB618A22C09D123005E856B /* KnowYourselfApp */ = {
			isa = PBXGroup;
			children = (
				8FB618D62C0D64B9005E856B /* App */,
				8FB618D72C0D77B1005E856B /* Main */,
				8FB618D92C0D782B005E856B /* TBalTest */,
				8FB618DA2C0D782E005E856B /* OverwatchTest */,
				8FB618DC2C0D7834005E856B /* GuessWho */,
				8FB618DB2C0D7831005E856B /* DinnerGenie */,
				8D8CF3282C192593001F8929 /* Font */,
				8FB618AC2C09D124005E856B /* Assets.xcassets */,
				8FB618B12C09D124005E856B /* Info.plist */,
			);
			path = KnowYourselfApp;
			sourceTree = "<group>";
		};
		8FB618BB2C09D1E2005E856B /* Model */ = {
			isa = PBXGroup;
			children = (
				8FB618B72C09D1E2005E856B /* FirstTestModel.swift */,
				8FB618B82C09D1E2005E856B /* FourthTestModel.swift */,
				8FB618B92C09D1E2005E856B /* secondTestModel.swift */,
				8FB618BA2C09D1E2005E856B /* ThirdTestModel.swift */,
			);
			path = Model;
			sourceTree = "<group>";
		};
		8FB618C72C09D1E3005E856B /* View */ = {
			isa = PBXGroup;
			children = (
				8FB618C42C09D1E3005E856B /* MainViewController.swift */,
			);
			path = View;
			sourceTree = "<group>";
		};
		8FB618D62C0D64B9005E856B /* App */ = {
			isa = PBXGroup;
			children = (
				8FB618A52C09D123005E856B /* SceneDelegate.swift */,
				8FB618DD2C0D7C51005E856B /* AppDelegate.swift */,
			);
			path = App;
			sourceTree = "<group>";
		};
		8FB618D72C0D77B1005E856B /* Main */ = {
			isa = PBXGroup;
			children = (
				8FB618C72C09D1E3005E856B /* View */,
				8FB618BB2C09D1E2005E856B /* Model */,
				8FB618D82C0D77F1005E856B /* Cell */,
			);
			path = Main;
			sourceTree = "<group>";
		};
		8FB618D82C0D77F1005E856B /* Cell */ = {
			isa = PBXGroup;
			children = (
				8FB618C12C09D1E3005E856B /* MainTableViewCell.swift */,
			);
			path = Cell;
			sourceTree = "<group>";
		};
		8FB618D92C0D782B005E856B /* TBalTest */ = {
			isa = PBXGroup;
			children = (
				0402927E2C0D8188009F1102 /* ViewModel */,
				0402927D2C0D8182009F1102 /* Model */,
				0402927C2C0D817B009F1102 /* View */,
			);
			path = TBalTest;
			sourceTree = "<group>";
		};
		8FB618DA2C0D782E005E856B /* OverwatchTest */ = {
			isa = PBXGroup;
			children = (
				8FB618C52C09D1E3005E856B /* OverwatchTestViewController.swift */,
			);
			path = OverwatchTest;
			sourceTree = "<group>";
		};
		8FB618DB2C0D7831005E856B /* DinnerGenie */ = {
			isa = PBXGroup;
			children = (
				8DB96ADE2C189D7D00D1AE0C /* View */,
				8DB96ADF2C189D8700D1AE0C /* ViewModel */,
				8DB96AE02C189D9300D1AE0C /* Model */,
			);
			path = DinnerGenie;
			sourceTree = "<group>";
		};
		8FB618DC2C0D7834005E856B /* GuessWho */ = {
			isa = PBXGroup;
			children = (
				8FB618C62C09D1E3005E856B /* GuessWhoTestViewController.swift */,
			);
			path = GuessWho;
			sourceTree = "<group>";
		};
/* End PBXGroup section */

/* Begin PBXNativeTarget section */
		8FB6189F2C09D123005E856B /* KnowYourselfApp */ = {
			isa = PBXNativeTarget;
			buildConfigurationList = 8FB618B42C09D124005E856B /* Build configuration list for PBXNativeTarget "KnowYourselfApp" */;
			buildPhases = (
				8FB6189C2C09D123005E856B /* Sources */,
				8FB6189D2C09D123005E856B /* Frameworks */,
				8FB6189E2C09D123005E856B /* Resources */,
			);
			buildRules = (
			);
			dependencies = (
			);
			name = KnowYourselfApp;
			productName = KnowYourselfApp;
			productReference = 8FB618A02C09D123005E856B /* KnowYourselfApp.app */;
			productType = "com.apple.product-type.application";
		};
/* End PBXNativeTarget section */

/* Begin PBXProject section */
		8FB618982C09D123005E856B /* Project object */ = {
			isa = PBXProject;
			attributes = {
				BuildIndependentTargetsInParallel = 1;
				LastSwiftUpdateCheck = 1530;
				LastUpgradeCheck = 1530;
				TargetAttributes = {
					8FB6189F2C09D123005E856B = {
						CreatedOnToolsVersion = 15.3;
					};
				};
			};
			buildConfigurationList = 8FB6189B2C09D123005E856B /* Build configuration list for PBXProject "KnowYourselfApp" */;
			compatibilityVersion = "Xcode 14.0";
			developmentRegion = en;
			hasScannedForEncodings = 0;
			knownRegions = (
				en,
				Base,
			);
			mainGroup = 8FB618972C09D123005E856B;
			productRefGroup = 8FB618A12C09D123005E856B /* Products */;
			projectDirPath = "";
			projectRoot = "";
			targets = (
				8FB6189F2C09D123005E856B /* KnowYourselfApp */,
			);
		};
/* End PBXProject section */

/* Begin PBXResourcesBuildPhase section */
		8FB6189E2C09D123005E856B /* Resources */ = {
			isa = PBXResourcesBuildPhase;
			buildActionMask = 2147483647;
			files = (
				8D8CF3362C193166001F8929 /* Pretendard-SemiBold.otf in Resources */,
				8D8CF32A2C192600001F8929 /* MangoByeolbyeol.otf in Resources */,
				8FB618AD2C09D124005E856B /* Assets.xcassets in Resources */,
			);
			runOnlyForDeploymentPostprocessing = 0;
		};
/* End PBXResourcesBuildPhase section */

/* Begin PBXSourcesBuildPhase section */
		8FB6189C2C09D123005E856B /* Sources */ = {
			isa = PBXSourcesBuildPhase;
			buildActionMask = 2147483647;
			files = (
				8DB96AE22C189DB600D1AE0C /* DinnerGenieModel.swift in Sources */,
				8DB96AE82C189E0B00D1AE0C /* DinnerGenieTestViewController.swift in Sources */,
				8FB618DE2C0D7C51005E856B /* AppDelegate.swift in Sources */,
				8FB618D12C09D1E3005E856B /* TBalTestViewController.swift in Sources */,
				8FB618CB2C09D1E3005E856B /* ThirdTestModel.swift in Sources */,
				8DB96AEA2C189E2300D1AE0C /* DinnerGenieResultViewController.swift in Sources */,
				8FB618C82C09D1E3005E856B /* FirstTestModel.swift in Sources */,
				8FB618D52C09D1E3005E856B /* GuessWhoTestViewController.swift in Sources */,
				8FB618D42C09D1E3005E856B /* OverwatchTestViewController.swift in Sources */,
				8FB618C92C09D1E3005E856B /* FourthTestModel.swift in Sources */,
				8FB618CA2C09D1E3005E856B /* secondTestModel.swift in Sources */,
				8FB618D02C09D1E3005E856B /* MainTableViewCell.swift in Sources */,
				8DB96AE42C189DD000D1AE0C /* DinnerGenieViewModel.swift in Sources */,
				8FB618D32C09D1E3005E856B /* MainViewController.swift in Sources */,
				8FB618A62C09D123005E856B /* SceneDelegate.swift in Sources */,
			);
			runOnlyForDeploymentPostprocessing = 0;
		};
/* End PBXSourcesBuildPhase section */

/* Begin XCBuildConfiguration section */
		8FB618B22C09D124005E856B /* Debug */ = {
			isa = XCBuildConfiguration;
			buildSettings = {
				ALWAYS_SEARCH_USER_PATHS = NO;
				ASSETCATALOG_COMPILER_GENERATE_SWIFT_ASSET_SYMBOL_EXTENSIONS = YES;
				CLANG_ANALYZER_NONNULL = YES;
				CLANG_ANALYZER_NUMBER_OBJECT_CONVERSION = YES_AGGRESSIVE;
				CLANG_CXX_LANGUAGE_STANDARD = "gnu++20";
				CLANG_ENABLE_MODULES = YES;
				CLANG_ENABLE_OBJC_ARC = YES;
				CLANG_ENABLE_OBJC_WEAK = YES;
				CLANG_WARN_BLOCK_CAPTURE_AUTORELEASING = YES;
				CLANG_WARN_BOOL_CONVERSION = YES;
				CLANG_WARN_COMMA = YES;
				CLANG_WARN_CONSTANT_CONVERSION = YES;
				CLANG_WARN_DEPRECATED_OBJC_IMPLEMENTATIONS = YES;
				CLANG_WARN_DIRECT_OBJC_ISA_USAGE = YES_ERROR;
				CLANG_WARN_DOCUMENTATION_COMMENTS = YES;
				CLANG_WARN_EMPTY_BODY = YES;
				CLANG_WARN_ENUM_CONVERSION = YES;
				CLANG_WARN_INFINITE_RECURSION = YES;
				CLANG_WARN_INT_CONVERSION = YES;
				CLANG_WARN_NON_LITERAL_NULL_CONVERSION = YES;
				CLANG_WARN_OBJC_IMPLICIT_RETAIN_SELF = YES;
				CLANG_WARN_OBJC_LITERAL_CONVERSION = YES;
				CLANG_WARN_OBJC_ROOT_CLASS = YES_ERROR;
				CLANG_WARN_QUOTED_INCLUDE_IN_FRAMEWORK_HEADER = YES;
				CLANG_WARN_RANGE_LOOP_ANALYSIS = YES;
				CLANG_WARN_STRICT_PROTOTYPES = YES;
				CLANG_WARN_SUSPICIOUS_MOVE = YES;
				CLANG_WARN_UNGUARDED_AVAILABILITY = YES_AGGRESSIVE;
				CLANG_WARN_UNREACHABLE_CODE = YES;
				CLANG_WARN__DUPLICATE_METHOD_MATCH = YES;
				COPY_PHASE_STRIP = NO;
				DEBUG_INFORMATION_FORMAT = dwarf;
				ENABLE_STRICT_OBJC_MSGSEND = YES;
				ENABLE_TESTABILITY = YES;
				ENABLE_USER_SCRIPT_SANDBOXING = YES;
				GCC_C_LANGUAGE_STANDARD = gnu17;
				GCC_DYNAMIC_NO_PIC = NO;
				GCC_NO_COMMON_BLOCKS = YES;
				GCC_OPTIMIZATION_LEVEL = 0;
				GCC_PREPROCESSOR_DEFINITIONS = (
					"DEBUG=1",
					"$(inherited)",
				);
				GCC_WARN_64_TO_32_BIT_CONVERSION = YES;
				GCC_WARN_ABOUT_RETURN_TYPE = YES_ERROR;
				GCC_WARN_UNDECLARED_SELECTOR = YES;
				GCC_WARN_UNINITIALIZED_AUTOS = YES_AGGRESSIVE;
				GCC_WARN_UNUSED_FUNCTION = YES;
				GCC_WARN_UNUSED_VARIABLE = YES;
				IPHONEOS_DEPLOYMENT_TARGET = 17.4;
				LOCALIZATION_PREFERS_STRING_CATALOGS = YES;
				MTL_ENABLE_DEBUG_INFO = INCLUDE_SOURCE;
				MTL_FAST_MATH = YES;
				ONLY_ACTIVE_ARCH = YES;
				SDKROOT = iphoneos;
				SWIFT_ACTIVE_COMPILATION_CONDITIONS = "DEBUG $(inherited)";
				SWIFT_OPTIMIZATION_LEVEL = "-Onone";
			};
			name = Debug;
		};
		8FB618B32C09D124005E856B /* Release */ = {
			isa = XCBuildConfiguration;
			buildSettings = {
				ALWAYS_SEARCH_USER_PATHS = NO;
				ASSETCATALOG_COMPILER_GENERATE_SWIFT_ASSET_SYMBOL_EXTENSIONS = YES;
				CLANG_ANALYZER_NONNULL = YES;
				CLANG_ANALYZER_NUMBER_OBJECT_CONVERSION = YES_AGGRESSIVE;
				CLANG_CXX_LANGUAGE_STANDARD = "gnu++20";
				CLANG_ENABLE_MODULES = YES;
				CLANG_ENABLE_OBJC_ARC = YES;
				CLANG_ENABLE_OBJC_WEAK = YES;
				CLANG_WARN_BLOCK_CAPTURE_AUTORELEASING = YES;
				CLANG_WARN_BOOL_CONVERSION = YES;
				CLANG_WARN_COMMA = YES;
				CLANG_WARN_CONSTANT_CONVERSION = YES;
				CLANG_WARN_DEPRECATED_OBJC_IMPLEMENTATIONS = YES;
				CLANG_WARN_DIRECT_OBJC_ISA_USAGE = YES_ERROR;
				CLANG_WARN_DOCUMENTATION_COMMENTS = YES;
				CLANG_WARN_EMPTY_BODY = YES;
				CLANG_WARN_ENUM_CONVERSION = YES;
				CLANG_WARN_INFINITE_RECURSION = YES;
				CLANG_WARN_INT_CONVERSION = YES;
				CLANG_WARN_NON_LITERAL_NULL_CONVERSION = YES;
				CLANG_WARN_OBJC_IMPLICIT_RETAIN_SELF = YES;
				CLANG_WARN_OBJC_LITERAL_CONVERSION = YES;
				CLANG_WARN_OBJC_ROOT_CLASS = YES_ERROR;
				CLANG_WARN_QUOTED_INCLUDE_IN_FRAMEWORK_HEADER = YES;
				CLANG_WARN_RANGE_LOOP_ANALYSIS = YES;
				CLANG_WARN_STRICT_PROTOTYPES = YES;
				CLANG_WARN_SUSPICIOUS_MOVE = YES;
				CLANG_WARN_UNGUARDED_AVAILABILITY = YES_AGGRESSIVE;
				CLANG_WARN_UNREACHABLE_CODE = YES;
				CLANG_WARN__DUPLICATE_METHOD_MATCH = YES;
				COPY_PHASE_STRIP = NO;
				DEBUG_INFORMATION_FORMAT = "dwarf-with-dsym";
				ENABLE_NS_ASSERTIONS = NO;
				ENABLE_STRICT_OBJC_MSGSEND = YES;
				ENABLE_USER_SCRIPT_SANDBOXING = YES;
				GCC_C_LANGUAGE_STANDARD = gnu17;
				GCC_NO_COMMON_BLOCKS = YES;
				GCC_WARN_64_TO_32_BIT_CONVERSION = YES;
				GCC_WARN_ABOUT_RETURN_TYPE = YES_ERROR;
				GCC_WARN_UNDECLARED_SELECTOR = YES;
				GCC_WARN_UNINITIALIZED_AUTOS = YES_AGGRESSIVE;
				GCC_WARN_UNUSED_FUNCTION = YES;
				GCC_WARN_UNUSED_VARIABLE = YES;
				IPHONEOS_DEPLOYMENT_TARGET = 17.4;
				LOCALIZATION_PREFERS_STRING_CATALOGS = YES;
				MTL_ENABLE_DEBUG_INFO = NO;
				MTL_FAST_MATH = YES;
				SDKROOT = iphoneos;
				SWIFT_COMPILATION_MODE = wholemodule;
				VALIDATE_PRODUCT = YES;
			};
			name = Release;
		};
		8FB618B52C09D124005E856B /* Debug */ = {
			isa = XCBuildConfiguration;
			buildSettings = {
				ASSETCATALOG_COMPILER_APPICON_NAME = AppIcon;
				ASSETCATALOG_COMPILER_GLOBAL_ACCENT_COLOR_NAME = AccentColor;
				CODE_SIGN_STYLE = Automatic;
				CURRENT_PROJECT_VERSION = 1;
				DEVELOPMENT_TEAM = 59FP2PXRXK;
				GENERATE_INFOPLIST_FILE = YES;
				INFOPLIST_FILE = KnowYourselfApp/Info.plist;
				INFOPLIST_KEY_NSPhotoLibraryUsageDescription = "사진첩에 이미지를 저장하기 위해 사진 라이브러리 접근 권한이 필요합니다.";
				INFOPLIST_KEY_UIApplicationSupportsIndirectInputEvents = YES;
				INFOPLIST_KEY_UILaunchStoryboardName = LaunchScreen;
				INFOPLIST_KEY_UISupportedInterfaceOrientations_iPad = "UIInterfaceOrientationPortrait UIInterfaceOrientationPortraitUpsideDown UIInterfaceOrientationLandscapeLeft UIInterfaceOrientationLandscapeRight";
				INFOPLIST_KEY_UISupportedInterfaceOrientations_iPhone = "UIInterfaceOrientationPortrait UIInterfaceOrientationLandscapeLeft UIInterfaceOrientationLandscapeRight";
				LD_RUNPATH_SEARCH_PATHS = (
					"$(inherited)",
					"@executable_path/Frameworks",
				);
				MARKETING_VERSION = 1.0;
				PRODUCT_BUNDLE_IDENTIFIER = com.svencorp.KnowYourselfApp;
				PRODUCT_NAME = "$(TARGET_NAME)";
				SWIFT_EMIT_LOC_STRINGS = YES;
				SWIFT_VERSION = 5.0;
				TARGETED_DEVICE_FAMILY = "1,2";
			};
			name = Debug;
		};
		8FB618B62C09D124005E856B /* Release */ = {
			isa = XCBuildConfiguration;
			buildSettings = {
				ASSETCATALOG_COMPILER_APPICON_NAME = AppIcon;
				ASSETCATALOG_COMPILER_GLOBAL_ACCENT_COLOR_NAME = AccentColor;
				CODE_SIGN_STYLE = Automatic;
				CURRENT_PROJECT_VERSION = 1;
				DEVELOPMENT_TEAM = 59FP2PXRXK;
				GENERATE_INFOPLIST_FILE = YES;
				INFOPLIST_FILE = KnowYourselfApp/Info.plist;
				INFOPLIST_KEY_NSPhotoLibraryUsageDescription = "사진첩에 이미지를 저장하기 위해 사진 라이브러리 접근 권한이 필요합니다.";
				INFOPLIST_KEY_UIApplicationSupportsIndirectInputEvents = YES;
				INFOPLIST_KEY_UILaunchStoryboardName = LaunchScreen;
				INFOPLIST_KEY_UISupportedInterfaceOrientations_iPad = "UIInterfaceOrientationPortrait UIInterfaceOrientationPortraitUpsideDown UIInterfaceOrientationLandscapeLeft UIInterfaceOrientationLandscapeRight";
				INFOPLIST_KEY_UISupportedInterfaceOrientations_iPhone = "UIInterfaceOrientationPortrait UIInterfaceOrientationLandscapeLeft UIInterfaceOrientationLandscapeRight";
				LD_RUNPATH_SEARCH_PATHS = (
					"$(inherited)",
					"@executable_path/Frameworks",
				);
				MARKETING_VERSION = 1.0;
				PRODUCT_BUNDLE_IDENTIFIER = com.svencorp.KnowYourselfApp;
				PRODUCT_NAME = "$(TARGET_NAME)";
				SWIFT_EMIT_LOC_STRINGS = YES;
				SWIFT_VERSION = 5.0;
				TARGETED_DEVICE_FAMILY = "1,2";
			};
			name = Release;
		};
/* End XCBuildConfiguration section */

/* Begin XCConfigurationList section */
		8FB6189B2C09D123005E856B /* Build configuration list for PBXProject "KnowYourselfApp" */ = {
			isa = XCConfigurationList;
			buildConfigurations = (
				8FB618B22C09D124005E856B /* Debug */,
				8FB618B32C09D124005E856B /* Release */,
			);
			defaultConfigurationIsVisible = 0;
			defaultConfigurationName = Release;
		};
		8FB618B42C09D124005E856B /* Build configuration list for PBXNativeTarget "KnowYourselfApp" */ = {
			isa = XCConfigurationList;
			buildConfigurations = (
				8FB618B52C09D124005E856B /* Debug */,
				8FB618B62C09D124005E856B /* Release */,
			);
			defaultConfigurationIsVisible = 0;
			defaultConfigurationName = Release;
		};
/* End XCConfigurationList section */
	};
	rootObject = 8FB618982C09D123005E856B /* Project object */;
}
